
Microsoft Visual Studio Solution File, Format Version 12.00
# Visual Studio Version 16
VisualStudioVersion = 16.0.32901.82
MinimumVisualStudioVersion = 10.0.40219.1
Project("{F184B08F-C81C-45F6-A57F-5ABD9991F28F}") = "Elec Wooden Fish", "Elec Wooden Fish.vbproj", "{C77EB19A-BA50-44C1-AA5B-D7FF394C6962}"
EndProject
Global
	GlobalSection(SolutionConfigurationPlatforms) = preSolution
		Debug|Any CPU = Debug|Any CPU
		Release|Any CPU = Release|Any CPU
	EndGlobalSection
	GlobalSection(ProjectConfigurationPlatforms) = postSolution
		{C77EB19A-BA50-44C1-AA5B-D7FF394C6962}.Debug|Any CPU.ActiveCfg = Debug|Any CPU
		{C77EB19A-BA50-44C1-AA5B-D7FF394C6962}.Debug|Any CPU.Build.0 = Debug|Any CPU
		{C77EB19A-BA50-44C1-AA5B-D7FF394C6962}.Release|Any CPU.ActiveCfg = Release|Any CPU
		{C77EB19A-BA50-44C1-AA5B-D7FF394C6962}.Release|Any CPU.Build.0 = Release|Any CPU
	EndGlobalSection
	GlobalSection(SolutionProperties) = preSolution
		HideSolutionNode = FALSE
	EndGlobalSection
	GlobalSection(ExtensibilityGlobals) = postSolution
		SolutionGuid = {E610F7DC-9114-44A7-B13F-1CA32255FDEC}
	EndGlobalSection
EndGlobal
